
Microsoft Visual Studio Solution File, Format Version 12.00
# Visual Studio Version 16
VisualStudioVersion = 16.0.29709.97
MinimumVisualStudioVersion = 10.0.40219.1
Project("{2150E333-8FDC-42A3-9474-1A3956D46DE8}") = "Data", "Data", "{C20BB0E0-09B1-43F8-B9EC-34C47D0ABB14}"
EndProject
Project("{9A19103F-16F7-4668-BE54-9A1E7A4F7556}") = "ForumNet.Data", "Data\ForumNet.Data\ForumNet.Data.csproj", "{45F91B90-6143-44AC-9F41-CE4192167F1A}"
EndProject
Project("{9A19103F-16F7-4668-BE54-9A1E7A4F7556}") = "ForumNet.Data.Models", "Data\ForumNet.Data.Models\ForumNet.Data.Models.csproj", "{3B322DCA-B462-4D6E-9215-6E40CC5D33B4}"
EndProject
Project("{9A19103F-16F7-4668-BE54-9A1E7A4F7556}") = "ForumNet.Data.Common", "Data\ForumNet.Data.Common\ForumNet.Data.Common.csproj", "{AAE624FD-24BB-4BAA-9C48-6A83768D9874}"
EndProject
Project("{2150E333-8FDC-42A3-9474-1A3956D46DE8}") = "Services", "Services", "{CB9E3BBE-8BD6-4583-B6C2-0E1D815E2D6F}"
EndProject
Project("{9A19103F-16F7-4668-BE54-9A1E7A4F7556}") = "ForumNet.Services", "Services\ForumNet.Services\ForumNet.Services.csproj", "{C9C0689B-FF13-45A0-8EA2-EFACC335EAFA}"
EndProject
Project("{2150E333-8FDC-42A3-9474-1A3956D46DE8}") = "Web", "Web", "{D459ABD7-3295-4E7C-A113-4A5D7913687D}"
EndProject
Project("{9A19103F-16F7-4668-BE54-9A1E7A4F7556}") = "ForumNet.Web.ViewModels", "Web\ForumNet.Web.ViewModels\ForumNet.Web.ViewModels.csproj", "{1B6EC280-E70D-47F3-86C0-966ECF9191B0}"
EndProject
Project("{9A19103F-16F7-4668-BE54-9A1E7A4F7556}") = "ForumNet.Web", "Web\ForumNet.Web\ForumNet.Web.csproj", "{93B09020-813F-4471-85A6-9EDD03B2B80F}"
EndProject
Project("{9A19103F-16F7-4668-BE54-9A1E7A4F7556}") = "ForumNet.Services.Messaging", "Services\ForumNet.Services.Messaging\ForumNet.Services.Messaging.csproj", "{55C1BA14-E91E-4B47-8BDA-1B8DE62CFAC0}"
EndProject
Project("{9A19103F-16F7-4668-BE54-9A1E7A4F7556}") = "ForumNet.Services.Common", "Services\ForumNet.Services.Common\ForumNet.Services.Common.csproj", "{182AD00D-9C77-4063-965A-30E23E79595E}"
EndProject
Project("{FAE04EC0-301F-11D3-BF4B-00C04F79EFBC}") = "ForumNet.Services.Extensions", "Services\ForumNet.Services.Extensions\ForumNet.Services.Extensions.csproj", "{2A78D803-ED0C-4697-A4E9-D30298390795}"
EndProject
Global
	GlobalSection(SolutionConfigurationPlatforms) = preSolution
		Debug|Any CPU = Debug|Any CPU
		Release|Any CPU = Release|Any CPU
	EndGlobalSection
	GlobalSection(ProjectConfigurationPlatforms) = postSolution
		{45F91B90-6143-44AC-9F41-CE4192167F1A}.Debug|Any CPU.ActiveCfg = Debug|Any CPU
		{45F91B90-6143-44AC-9F41-CE4192167F1A}.Debug|Any CPU.Build.0 = Debug|Any CPU
		{45F91B90-6143-44AC-9F41-CE4192167F1A}.Release|Any CPU.ActiveCfg = Release|Any CPU
		{45F91B90-6143-44AC-9F41-CE4192167F1A}.Release|Any CPU.Build.0 = Release|Any CPU
		{3B322DCA-B462-4D6E-9215-6E40CC5D33B4}.Debug|Any CPU.ActiveCfg = Debug|Any CPU
		{3B322DCA-B462-4D6E-9215-6E40CC5D33B4}.Debug|Any CPU.Build.0 = Debug|Any CPU
		{3B322DCA-B462-4D6E-9215-6E40CC5D33B4}.Release|Any CPU.ActiveCfg = Release|Any CPU
		{3B322DCA-B462-4D6E-9215-6E40CC5D33B4}.Release|Any CPU.Build.0 = Release|Any CPU
		{AAE624FD-24BB-4BAA-9C48-6A83768D9874}.Debug|Any CPU.ActiveCfg = Debug|Any CPU
		{AAE624FD-24BB-4BAA-9C48-6A83768D9874}.Debug|Any CPU.Build.0 = Debug|Any CPU
		{AAE624FD-24BB-4BAA-9C48-6A83768D9874}.Release|Any CPU.ActiveCfg = Release|Any CPU
		{AAE624FD-24BB-4BAA-9C48-6A83768D9874}.Release|Any CPU.Build.0 = Release|Any CPU
		{C9C0689B-FF13-45A0-8EA2-EFACC335EAFA}.Debug|Any CPU.ActiveCfg = Debug|Any CPU
		{C9C0689B-FF13-45A0-8EA2-EFACC335EAFA}.Debug|Any CPU.Build.0 = Debug|Any CPU
		{C9C0689B-FF13-45A0-8EA2-EFACC335EAFA}.Release|Any CPU.ActiveCfg = Release|Any CPU
		{C9C0689B-FF13-45A0-8EA2-EFACC335EAFA}.Release|Any CPU.Build.0 = Release|Any CPU
		{1B6EC280-E70D-47F3-86C0-966ECF9191B0}.Debug|Any CPU.ActiveCfg = Debug|Any CPU
		{1B6EC280-E70D-47F3-86C0-966ECF9191B0}.Debug|Any CPU.Build.0 = Debug|Any CPU
		{1B6EC280-E70D-47F3-86C0-966ECF9191B0}.Release|Any CPU.ActiveCfg = Release|Any CPU
		{1B6EC280-E70D-47F3-86C0-966ECF9191B0}.Release|Any CPU.Build.0 = Release|Any CPU
		{93B09020-813F-4471-85A6-9EDD03B2B80F}.Debug|Any CPU.ActiveCfg = Debug|Any CPU
		{93B09020-813F-4471-85A6-9EDD03B2B80F}.Debug|Any CPU.Build.0 = Debug|Any CPU
		{93B09020-813F-4471-85A6-9EDD03B2B80F}.Release|Any CPU.ActiveCfg = Release|Any CPU
		{93B09020-813F-4471-85A6-9EDD03B2B80F}.Release|Any CPU.Build.0 = Release|Any CPU
		{55C1BA14-E91E-4B47-8BDA-1B8DE62CFAC0}.Debug|Any CPU.ActiveCfg = Debug|Any CPU
		{55C1BA14-E91E-4B47-8BDA-1B8DE62CFAC0}.Debug|Any CPU.Build.0 = Debug|Any CPU
		{55C1BA14-E91E-4B47-8BDA-1B8DE62CFAC0}.Release|Any CPU.ActiveCfg = Release|Any CPU
		{55C1BA14-E91E-4B47-8BDA-1B8DE62CFAC0}.Release|Any CPU.Build.0 = Release|Any CPU
		{182AD00D-9C77-4063-965A-30E23E79595E}.Debug|Any CPU.ActiveCfg = Debug|Any CPU
		{182AD00D-9C77-4063-965A-30E23E79595E}.Debug|Any CPU.Build.0 = Debug|Any CPU
		{182AD00D-9C77-4063-965A-30E23E79595E}.Release|Any CPU.ActiveCfg = Release|Any CPU
		{182AD00D-9C77-4063-965A-30E23E79595E}.Release|Any CPU.Build.0 = Release|Any CPU
		{2A78D803-ED0C-4697-A4E9-D30298390795}.Debug|Any CPU.ActiveCfg = Debug|Any CPU
		{2A78D803-ED0C-4697-A4E9-D30298390795}.Debug|Any CPU.Build.0 = Debug|Any CPU
		{2A78D803-ED0C-4697-A4E9-D30298390795}.Release|Any CPU.ActiveCfg = Release|Any CPU
		{2A78D803-ED0C-4697-A4E9-D30298390795}.Release|Any CPU.Build.0 = Release|Any CPU
	EndGlobalSection
	GlobalSection(SolutionProperties) = preSolution
		HideSolutionNode = FALSE
	EndGlobalSection
	GlobalSection(NestedProjects) = preSolution
		{45F91B90-6143-44AC-9F41-CE4192167F1A} = {C20BB0E0-09B1-43F8-B9EC-34C47D0ABB14}
		{3B322DCA-B462-4D6E-9215-6E40CC5D33B4} = {C20BB0E0-09B1-43F8-B9EC-34C47D0ABB14}
		{AAE624FD-24BB-4BAA-9C48-6A83768D9874} = {C20BB0E0-09B1-43F8-B9EC-34C47D0ABB14}
		{C9C0689B-FF13-45A0-8EA2-EFACC335EAFA} = {CB9E3BBE-8BD6-4583-B6C2-0E1D815E2D6F}
		{1B6EC280-E70D-47F3-86C0-966ECF9191B0} = {D459ABD7-3295-4E7C-A113-4A5D7913687D}
		{93B09020-813F-4471-85A6-9EDD03B2B80F} = {D459ABD7-3295-4E7C-A113-4A5D7913687D}
		{55C1BA14-E91E-4B47-8BDA-1B8DE62CFAC0} = {CB9E3BBE-8BD6-4583-B6C2-0E1D815E2D6F}
		{182AD00D-9C77-4063-965A-30E23E79595E} = {CB9E3BBE-8BD6-4583-B6C2-0E1D815E2D6F}
		{2A78D803-ED0C-4697-A4E9-D30298390795} = {CB9E3BBE-8BD6-4583-B6C2-0E1D815E2D6F}
	EndGlobalSection
	GlobalSection(ExtensibilityGlobals) = postSolution
		SolutionGuid = {891FFB53-EEF1-44D4-A29E-351041C220E3}
	EndGlobalSection
EndGlobal
